
Microsoft Visual Studio Solution File, Format Version 12.00
# Visual Studio 14
VisualStudioVersion = 14.0.23107.0
MinimumVisualStudioVersion = 10.0.40219.1
Project("{FAE04EC0-301F-11D3-BF4B-00C04F79EFBC}") = "BcWin.Common", "BcWin.Common\BcWin.Common.csproj", "{761F904B-3154-42ED-B371-BC3D5C4A9A09}"
EndProject
Project("{FAE04EC0-301F-11D3-BF4B-00C04F79EFBC}") = "BcWin.Processor", "BcWin.Processor\BcWin.Processor.csproj", "{F55FBC16-1DA5-4059-81DA-94A5EBCD0A14}"
EndProject
Project("{FAE04EC0-301F-11D3-BF4B-00C04F79EFBC}") = "BCWin.Metadata", "BCWin.Metadata\BCWin.Metadata.csproj", "{606D3A9C-A32B-49C6-94F8-10670906483E}"
EndProject
Project("{FAE04EC0-301F-11D3-BF4B-00C04F79EFBC}") = "BcWin.Core", "BcWin.Core\BcWin.Core.csproj", "{C780F7B7-657C-4B61-BE51-71E5958A9BC4}"
EndProject
Project("{FAE04EC0-301F-11D3-BF4B-00C04F79EFBC}") = "BcWin", "BcWin\BcWin.csproj", "{90AA1434-A601-49CA-9C21-5EB006E3D292}"
EndProject
Project("{2150E333-8FDC-42A3-9474-1A3956D46DE8}") = "0-Solution Items", "0-Solution Items", "{C84D81DC-9393-4CBC-8E41-3A0CE770A628}"
	ProjectSection(SolutionItems) = preProject
		ReadMe.txt = ReadMe.txt
	EndProjectSection
EndProject
Project("{FAE04EC0-301F-11D3-BF4B-00C04F79EFBC}") = "BcWinScan", "BcWinScan\BcWinScan.csproj", "{EA261EBA-B28C-4700-86ED-BD6382B941B0}"
EndProject
Project("{FAE04EC0-301F-11D3-BF4B-00C04F79EFBC}") = "BcWin.Contract", "BcWin.Contract\BcWin.Contract.csproj", "{ABF3616A-107C-4215-8BAC-B5EDD0544B8C}"
EndProject
Project("{2150E333-8FDC-42A3-9474-1A3956D46DE8}") = "1-Contract", "1-Contract", "{629A0383-1996-4223-90E1-D44269DA4224}"
EndProject
Project("{2150E333-8FDC-42A3-9474-1A3956D46DE8}") = "2-Core", "2-Core", "{5760D798-A26D-40DB-B073-A9886DD87EC9}"
EndProject
Project("{FAE04EC0-301F-11D3-BF4B-00C04F79EFBC}") = "SupportTool", "SupportTool\SupportTool.csproj", "{CB3086E0-3775-4AD8-B365-586BA4B220E3}"
EndProject
Project("{FAE04EC0-301F-11D3-BF4B-00C04F79EFBC}") = "SupTool", "SupTool\SupTool.csproj", "{E6110927-AF51-4A5C-B21F-7372380AE65B}"
EndProject
Project("{FAE04EC0-301F-11D3-BF4B-00C04F79EFBC}") = "ScanRouter", "ScanRouter\ScanRouter.csproj", "{2C0F7DF0-EF10-44FC-A893-6CC736A07F5B}"
EndProject
Project("{FAE04EC0-301F-11D3-BF4B-00C04F79EFBC}") = "BcManagement", "BcManagement\BcManagement.csproj", "{A02827CF-7845-4C48-AEED-D26040C9C725}"
EndProject
Project("{FAE04EC0-301F-11D3-BF4B-00C04F79EFBC}") = "BCWin.Engine.PinnacleSports", "BCWin.Engine.PinnacleSports\BCWin.Engine.PinnacleSports.csproj", "{4867B295-6874-47B6-A221-FF18567B474A}"
EndProject
Project("{FAE04EC0-301F-11D3-BF4B-00C04F79EFBC}") = "BcBetRun", "BcBetRun\BcBetRun.csproj", "{CAF7E4E4-525C-4861-A45C-75D9F2CFCF06}"
EndProject
Project("{FAE04EC0-301F-11D3-BF4B-00C04F79EFBC}") = "BCWin.Engine.Sbo", "BCWin.Engine.Sbo\BCWin.Engine.Sbo.csproj", "{3B8F2616-E398-46EC-B92A-A3A6DBAB64AB}"
EndProject
Project("{FAE04EC0-301F-11D3-BF4B-00C04F79EFBC}") = "BCWin.Engine.Ibet", "BCWin.Engine.Ibet\BCWin.Engine.Ibet.csproj", "{48EF105E-E688-4604-B97D-0E654DD7A7BA}"
EndProject
Project("{FAE04EC0-301F-11D3-BF4B-00C04F79EFBC}") = "TestBc", "TestBc\TestBc.csproj", "{A0B39164-F92C-4889-AE41-7C656EACCAD2}"
EndProject
Project("{FAE04EC0-301F-11D3-BF4B-00C04F79EFBC}") = "BCWin.Engine.Isn", "BCWin.Engine.Isn\BCWin.Engine.Isn.csproj", "{FDE45BA5-871E-45EB-9FDB-DC04869276D7}"
EndProject
Project("{FAE04EC0-301F-11D3-BF4B-00C04F79EFBC}") = "BCWin.Broker", "BCWin.Broker\BCWin.Broker.csproj", "{15CD3226-758F-4C27-829A-9D6E76965252}"
EndProject
Project("{FAE04EC0-301F-11D3-BF4B-00C04F79EFBC}") = "BcBroker", "BcBroker\BcBroker.csproj", "{A1A8735C-5225-48B9-90E2-B8EF9C7C4A86}"
EndProject
Project("{FAE04EC0-301F-11D3-BF4B-00C04F79EFBC}") = "BcWin.Captcha", "BcWin.Captcha\BcWin.Captcha.csproj", "{5787054E-B955-4C5F-B072-E86170FEB8BE}"
EndProject
Project("{FAE04EC0-301F-11D3-BF4B-00C04F79EFBC}") = "BCWin.Engine.PinnacleSports2", "BCWin.Engine.PinnacleSports2\BCWin.Engine.PinnacleSports2.csproj", "{48B0BCF0-1F68-426B-B175-597B37863B84}"
EndProject
Global
	GlobalSection(SolutionConfigurationPlatforms) = preSolution
		Debug|Any CPU = Debug|Any CPU
		Debug|Mixed Platforms = Debug|Mixed Platforms
		Debug|x64 = Debug|x64
		Release|Any CPU = Release|Any CPU
		Release|Mixed Platforms = Release|Mixed Platforms
		Release|x64 = Release|x64
	EndGlobalSection
	GlobalSection(ProjectConfigurationPlatforms) = postSolution
		{761F904B-3154-42ED-B371-BC3D5C4A9A09}.Debug|Any CPU.ActiveCfg = Debug|Any CPU
		{761F904B-3154-42ED-B371-BC3D5C4A9A09}.Debug|Any CPU.Build.0 = Debug|Any CPU
		{761F904B-3154-42ED-B371-BC3D5C4A9A09}.Debug|Mixed Platforms.ActiveCfg = Debug|Any CPU
		{761F904B-3154-42ED-B371-BC3D5C4A9A09}.Debug|Mixed Platforms.Build.0 = Debug|Any CPU
		{761F904B-3154-42ED-B371-BC3D5C4A9A09}.Debug|x64.ActiveCfg = Debug|x64
		{761F904B-3154-42ED-B371-BC3D5C4A9A09}.Debug|x64.Build.0 = Debug|x64
		{761F904B-3154-42ED-B371-BC3D5C4A9A09}.Release|Any CPU.ActiveCfg = Release|Any CPU
		{761F904B-3154-42ED-B371-BC3D5C4A9A09}.Release|Any CPU.Build.0 = Release|Any CPU
		{761F904B-3154-42ED-B371-BC3D5C4A9A09}.Release|Mixed Platforms.ActiveCfg = Release|Any CPU
		{761F904B-3154-42ED-B371-BC3D5C4A9A09}.Release|Mixed Platforms.Build.0 = Release|Any CPU
		{761F904B-3154-42ED-B371-BC3D5C4A9A09}.Release|x64.ActiveCfg = Release|x64
		{761F904B-3154-42ED-B371-BC3D5C4A9A09}.Release|x64.Build.0 = Release|x64
		{F55FBC16-1DA5-4059-81DA-94A5EBCD0A14}.Debug|Any CPU.ActiveCfg = Debug|Any CPU
		{F55FBC16-1DA5-4059-81DA-94A5EBCD0A14}.Debug|Any CPU.Build.0 = Debug|Any CPU
		{F55FBC16-1DA5-4059-81DA-94A5EBCD0A14}.Debug|Mixed Platforms.ActiveCfg = Debug|Any CPU
		{F55FBC16-1DA5-4059-81DA-94A5EBCD0A14}.Debug|Mixed Platforms.Build.0 = Debug|Any CPU
		{F55FBC16-1DA5-4059-81DA-94A5EBCD0A14}.Debug|x64.ActiveCfg = Debug|x64
		{F55FBC16-1DA5-4059-81DA-94A5EBCD0A14}.Debug|x64.Build.0 = Debug|x64
		{F55FBC16-1DA5-4059-81DA-94A5EBCD0A14}.Release|Any CPU.ActiveCfg = Release|Any CPU
		{F55FBC16-1DA5-4059-81DA-94A5EBCD0A14}.Release|Any CPU.Build.0 = Release|Any CPU
		{F55FBC16-1DA5-4059-81DA-94A5EBCD0A14}.Release|Mixed Platforms.ActiveCfg = Release|Any CPU
		{F55FBC16-1DA5-4059-81DA-94A5EBCD0A14}.Release|Mixed Platforms.Build.0 = Release|Any CPU
		{F55FBC16-1DA5-4059-81DA-94A5EBCD0A14}.Release|x64.ActiveCfg = Release|x64
		{F55FBC16-1DA5-4059-81DA-94A5EBCD0A14}.Release|x64.Build.0 = Release|x64
		{606D3A9C-A32B-49C6-94F8-10670906483E}.Debug|Any CPU.ActiveCfg = Debug|Any CPU
		{606D3A9C-A32B-49C6-94F8-10670906483E}.Debug|Any CPU.Build.0 = Debug|Any CPU
		{606D3A9C-A32B-49C6-94F8-10670906483E}.Debug|Mixed Platforms.ActiveCfg = Debug|Any CPU
		{606D3A9C-A32B-49C6-94F8-10670906483E}.Debug|Mixed Platforms.Build.0 = Debug|Any CPU
		{606D3A9C-A32B-49C6-94F8-10670906483E}.Debug|x64.ActiveCfg = Debug|x64
		{606D3A9C-A32B-49C6-94F8-10670906483E}.Debug|x64.Build.0 = Debug|x64
		{606D3A9C-A32B-49C6-94F8-10670906483E}.Release|Any CPU.ActiveCfg = Release|Any CPU
		{606D3A9C-A32B-49C6-94F8-10670906483E}.Release|Any CPU.Build.0 = Release|Any CPU
		{606D3A9C-A32B-49C6-94F8-10670906483E}.Release|Mixed Platforms.ActiveCfg = Release|Any CPU
		{606D3A9C-A32B-49C6-94F8-10670906483E}.Release|Mixed Platforms.Build.0 = Release|Any CPU
		{606D3A9C-A32B-49C6-94F8-10670906483E}.Release|x64.ActiveCfg = Release|x64
		{606D3A9C-A32B-49C6-94F8-10670906483E}.Release|x64.Build.0 = Release|x64
		{C780F7B7-657C-4B61-BE51-71E5958A9BC4}.Debug|Any CPU.ActiveCfg = Debug|Any CPU
		{C780F7B7-657C-4B61-BE51-71E5958A9BC4}.Debug|Any CPU.Build.0 = Debug|Any CPU
		{C780F7B7-657C-4B61-BE51-71E5958A9BC4}.Debug|Mixed Platforms.ActiveCfg = Debug|Any CPU
		{C780F7B7-657C-4B61-BE51-71E5958A9BC4}.Debug|Mixed Platforms.Build.0 = Debug|Any CPU
		{C780F7B7-657C-4B61-BE51-71E5958A9BC4}.Debug|x64.ActiveCfg = Debug|x64
		{C780F7B7-657C-4B61-BE51-71E5958A9BC4}.Debug|x64.Build.0 = Debug|x64
		{C780F7B7-657C-4B61-BE51-71E5958A9BC4}.Release|Any CPU.ActiveCfg = Release|Any CPU
		{C780F7B7-657C-4B61-BE51-71E5958A9BC4}.Release|Any CPU.Build.0 = Release|Any CPU
		{C780F7B7-657C-4B61-BE51-71E5958A9BC4}.Release|Mixed Platforms.ActiveCfg = Release|Any CPU
		{C780F7B7-657C-4B61-BE51-71E5958A9BC4}.Release|Mixed Platforms.Build.0 = Release|Any CPU
		{C780F7B7-657C-4B61-BE51-71E5958A9BC4}.Release|x64.ActiveCfg = Release|x64
		{C780F7B7-657C-4B61-BE51-71E5958A9BC4}.Release|x64.Build.0 = Release|x64
		{90AA1434-A601-49CA-9C21-5EB006E3D292}.Debug|Any CPU.ActiveCfg = Debug|Any CPU
		{90AA1434-A601-49CA-9C21-5EB006E3D292}.Debug|Any CPU.Build.0 = Debug|Any CPU
		{90AA1434-A601-49CA-9C21-5EB006E3D292}.Debug|Mixed Platforms.ActiveCfg = Debug|Any CPU
		{90AA1434-A601-49CA-9C21-5EB006E3D292}.Debug|Mixed Platforms.Build.0 = Debug|Any CPU
		{90AA1434-A601-49CA-9C21-5EB006E3D292}.Debug|x64.ActiveCfg = Debug|x64
		{90AA1434-A601-49CA-9C21-5EB006E3D292}.Debug|x64.Build.0 = Debug|x64
		{90AA1434-A601-49CA-9C21-5EB006E3D292}.Release|Any CPU.ActiveCfg = Release|Any CPU
		{90AA1434-A601-49CA-9C21-5EB006E3D292}.Release|Any CPU.Build.0 = Release|Any CPU
		{90AA1434-A601-49CA-9C21-5EB006E3D292}.Release|Mixed Platforms.ActiveCfg = Release|Any CPU
		{90AA1434-A601-49CA-9C21-5EB006E3D292}.Release|Mixed Platforms.Build.0 = Release|Any CPU
		{90AA1434-A601-49CA-9C21-5EB006E3D292}.Release|x64.ActiveCfg = Release|x64
		{90AA1434-A601-49CA-9C21-5EB006E3D292}.Release|x64.Build.0 = Release|x64
		{EA261EBA-B28C-4700-86ED-BD6382B941B0}.Debug|Any CPU.ActiveCfg = Debug|Any CPU
		{EA261EBA-B28C-4700-86ED-BD6382B941B0}.Debug|Any CPU.Build.0 = Debug|Any CPU
		{EA261EBA-B28C-4700-86ED-BD6382B941B0}.Debug|Mixed Platforms.ActiveCfg = Debug|Any CPU
		{EA261EBA-B28C-4700-86ED-BD6382B941B0}.Debug|Mixed Platforms.Build.0 = Debug|Any CPU
		{EA261EBA-B28C-4700-86ED-BD6382B941B0}.Debug|x64.ActiveCfg = Debug|x64
		{EA261EBA-B28C-4700-86ED-BD6382B941B0}.Debug|x64.Build.0 = Debug|x64
		{EA261EBA-B28C-4700-86ED-BD6382B941B0}.Release|Any CPU.ActiveCfg = Release|Any CPU
		{EA261EBA-B28C-4700-86ED-BD6382B941B0}.Release|Any CPU.Build.0 = Release|Any CPU
		{EA261EBA-B28C-4700-86ED-BD6382B941B0}.Release|Mixed Platforms.ActiveCfg = Release|Any CPU
		{EA261EBA-B28C-4700-86ED-BD6382B941B0}.Release|Mixed Platforms.Build.0 = Release|Any CPU
		{EA261EBA-B28C-4700-86ED-BD6382B941B0}.Release|x64.ActiveCfg = Release|x64
		{EA261EBA-B28C-4700-86ED-BD6382B941B0}.Release|x64.Build.0 = Release|x64
		{ABF3616A-107C-4215-8BAC-B5EDD0544B8C}.Debug|Any CPU.ActiveCfg = Debug|Any CPU
		{ABF3616A-107C-4215-8BAC-B5EDD0544B8C}.Debug|Any CPU.Build.0 = Debug|Any CPU
		{ABF3616A-107C-4215-8BAC-B5EDD0544B8C}.Debug|Mixed Platforms.ActiveCfg = Debug|Any CPU
		{ABF3616A-107C-4215-8BAC-B5EDD0544B8C}.Debug|Mixed Platforms.Build.0 = Debug|Any CPU
		{ABF3616A-107C-4215-8BAC-B5EDD0544B8C}.Debug|x64.ActiveCfg = Debug|x64
		{ABF3616A-107C-4215-8BAC-B5EDD0544B8C}.Debug|x64.Build.0 = Debug|x64
		{ABF3616A-107C-4215-8BAC-B5EDD0544B8C}.Release|Any CPU.ActiveCfg = Release|Any CPU
		{ABF3616A-107C-4215-8BAC-B5EDD0544B8C}.Release|Any CPU.Build.0 = Release|Any CPU
		{ABF3616A-107C-4215-8BAC-B5EDD0544B8C}.Release|Mixed Platforms.ActiveCfg = Release|Any CPU
		{ABF3616A-107C-4215-8BAC-B5EDD0544B8C}.Release|Mixed Platforms.Build.0 = Release|Any CPU
		{ABF3616A-107C-4215-8BAC-B5EDD0544B8C}.Release|x64.ActiveCfg = Release|x64
		{ABF3616A-107C-4215-8BAC-B5EDD0544B8C}.Release|x64.Build.0 = Release|x64
		{CB3086E0-3775-4AD8-B365-586BA4B220E3}.Debug|Any CPU.ActiveCfg = Debug|Any CPU
		{CB3086E0-3775-4AD8-B365-586BA4B220E3}.Debug|Any CPU.Build.0 = Debug|Any CPU
		{CB3086E0-3775-4AD8-B365-586BA4B220E3}.Debug|Mixed Platforms.ActiveCfg = Debug|Any CPU
		{CB3086E0-3775-4AD8-B365-586BA4B220E3}.Debug|Mixed Platforms.Build.0 = Debug|Any CPU
		{CB3086E0-3775-4AD8-B365-586BA4B220E3}.Debug|x64.ActiveCfg = Debug|x64
		{CB3086E0-3775-4AD8-B365-586BA4B220E3}.Debug|x64.Build.0 = Debug|x64
		{CB3086E0-3775-4AD8-B365-586BA4B220E3}.Release|Any CPU.ActiveCfg = Release|Any CPU
		{CB3086E0-3775-4AD8-B365-586BA4B220E3}.Release|Any CPU.Build.0 = Release|Any CPU
		{CB3086E0-3775-4AD8-B365-586BA4B220E3}.Release|Mixed Platforms.ActiveCfg = Release|Any CPU
		{CB3086E0-3775-4AD8-B365-586BA4B220E3}.Release|Mixed Platforms.Build.0 = Release|Any CPU
		{CB3086E0-3775-4AD8-B365-586BA4B220E3}.Release|x64.ActiveCfg = Release|x64
		{CB3086E0-3775-4AD8-B365-586BA4B220E3}.Release|x64.Build.0 = Release|x64
		{E6110927-AF51-4A5C-B21F-7372380AE65B}.Debug|Any CPU.ActiveCfg = Debug|Any CPU
		{E6110927-AF51-4A5C-B21F-7372380AE65B}.Debug|Any CPU.Build.0 = Debug|Any CPU
		{E6110927-AF51-4A5C-B21F-7372380AE65B}.Debug|Mixed Platforms.ActiveCfg = Debug|Any CPU
		{E6110927-AF51-4A5C-B21F-7372380AE65B}.Debug|Mixed Platforms.Build.0 = Debug|Any CPU
		{E6110927-AF51-4A5C-B21F-7372380AE65B}.Debug|x64.ActiveCfg = Debug|x64
		{E6110927-AF51-4A5C-B21F-7372380AE65B}.Debug|x64.Build.0 = Debug|x64
		{E6110927-AF51-4A5C-B21F-7372380AE65B}.Release|Any CPU.ActiveCfg = Release|Any CPU
		{E6110927-AF51-4A5C-B21F-7372380AE65B}.Release|Any CPU.Build.0 = Release|Any CPU
		{E6110927-AF51-4A5C-B21F-7372380AE65B}.Release|Mixed Platforms.ActiveCfg = Release|Any CPU
		{E6110927-AF51-4A5C-B21F-7372380AE65B}.Release|Mixed Platforms.Build.0 = Release|Any CPU
		{E6110927-AF51-4A5C-B21F-7372380AE65B}.Release|x64.ActiveCfg = Release|x64
		{E6110927-AF51-4A5C-B21F-7372380AE65B}.Release|x64.Build.0 = Release|x64
		{2C0F7DF0-EF10-44FC-A893-6CC736A07F5B}.Debug|Any CPU.ActiveCfg = Debug|Any CPU
		{2C0F7DF0-EF10-44FC-A893-6CC736A07F5B}.Debug|Any CPU.Build.0 = Debug|Any CPU
		{2C0F7DF0-EF10-44FC-A893-6CC736A07F5B}.Debug|Mixed Platforms.ActiveCfg = Debug|Any CPU
		{2C0F7DF0-EF10-44FC-A893-6CC736A07F5B}.Debug|Mixed Platforms.Build.0 = Debug|Any CPU
		{2C0F7DF0-EF10-44FC-A893-6CC736A07F5B}.Debug|x64.ActiveCfg = Debug|x64
		{2C0F7DF0-EF10-44FC-A893-6CC736A07F5B}.Debug|x64.Build.0 = Debug|x64
		{2C0F7DF0-EF10-44FC-A893-6CC736A07F5B}.Release|Any CPU.ActiveCfg = Release|Any CPU
		{2C0F7DF0-EF10-44FC-A893-6CC736A07F5B}.Release|Any CPU.Build.0 = Release|Any CPU
		{2C0F7DF0-EF10-44FC-A893-6CC736A07F5B}.Release|Mixed Platforms.ActiveCfg = Release|Any CPU
		{2C0F7DF0-EF10-44FC-A893-6CC736A07F5B}.Release|Mixed Platforms.Build.0 = Release|Any CPU
		{2C0F7DF0-EF10-44FC-A893-6CC736A07F5B}.Release|x64.ActiveCfg = Release|x64
		{2C0F7DF0-EF10-44FC-A893-6CC736A07F5B}.Release|x64.Build.0 = Release|x64
		{A02827CF-7845-4C48-AEED-D26040C9C725}.Debug|Any CPU.ActiveCfg = Debug|Any CPU
		{A02827CF-7845-4C48-AEED-D26040C9C725}.Debug|Any CPU.Build.0 = Debug|Any CPU
		{A02827CF-7845-4C48-AEED-D26040C9C725}.Debug|Mixed Platforms.ActiveCfg = Debug|Any CPU
		{A02827CF-7845-4C48-AEED-D26040C9C725}.Debug|Mixed Platforms.Build.0 = Debug|Any CPU
		{A02827CF-7845-4C48-AEED-D26040C9C725}.Debug|x64.ActiveCfg = Debug|x64
		{A02827CF-7845-4C48-AEED-D26040C9C725}.Debug|x64.Build.0 = Debug|x64
		{A02827CF-7845-4C48-AEED-D26040C9C725}.Release|Any CPU.ActiveCfg = Release|Any CPU
		{A02827CF-7845-4C48-AEED-D26040C9C725}.Release|Any CPU.Build.0 = Release|Any CPU
		{A02827CF-7845-4C48-AEED-D26040C9C725}.Release|Mixed Platforms.ActiveCfg = Release|Any CPU
		{A02827CF-7845-4C48-AEED-D26040C9C725}.Release|Mixed Platforms.Build.0 = Release|Any CPU
		{A02827CF-7845-4C48-AEED-D26040C9C725}.Release|x64.ActiveCfg = Release|x64
		{A02827CF-7845-4C48-AEED-D26040C9C725}.Release|x64.Build.0 = Release|x64
		{4867B295-6874-47B6-A221-FF18567B474A}.Debug|Any CPU.ActiveCfg = Debug|Any CPU
		{4867B295-6874-47B6-A221-FF18567B474A}.Debug|Any CPU.Build.0 = Debug|Any CPU
		{4867B295-6874-47B6-A221-FF18567B474A}.Debug|Mixed Platforms.ActiveCfg = Debug|Any CPU
		{4867B295-6874-47B6-A221-FF18567B474A}.Debug|Mixed Platforms.Build.0 = Debug|Any CPU
		{4867B295-6874-47B6-A221-FF18567B474A}.Debug|x64.ActiveCfg = Debug|Any CPU
		{4867B295-6874-47B6-A221-FF18567B474A}.Release|Any CPU.ActiveCfg = Release|Any CPU
		{4867B295-6874-47B6-A221-FF18567B474A}.Release|Any CPU.Build.0 = Release|Any CPU
		{4867B295-6874-47B6-A221-FF18567B474A}.Release|Mixed Platforms.ActiveCfg = Release|Any CPU
		{4867B295-6874-47B6-A221-FF18567B474A}.Release|Mixed Platforms.Build.0 = Release|Any CPU
		{4867B295-6874-47B6-A221-FF18567B474A}.Release|x64.ActiveCfg = Release|Any CPU
		{CAF7E4E4-525C-4861-A45C-75D9F2CFCF06}.Debug|Any CPU.ActiveCfg = Debug|Any CPU
		{CAF7E4E4-525C-4861-A45C-75D9F2CFCF06}.Debug|Any CPU.Build.0 = Debug|Any CPU
		{CAF7E4E4-525C-4861-A45C-75D9F2CFCF06}.Debug|Mixed Platforms.ActiveCfg = Debug|Any CPU
		{CAF7E4E4-525C-4861-A45C-75D9F2CFCF06}.Debug|Mixed Platforms.Build.0 = Debug|Any CPU
		{CAF7E4E4-525C-4861-A45C-75D9F2CFCF06}.Debug|x64.ActiveCfg = Debug|Any CPU
		{CAF7E4E4-525C-4861-A45C-75D9F2CFCF06}.Release|Any CPU.ActiveCfg = Release|Any CPU
		{CAF7E4E4-525C-4861-A45C-75D9F2CFCF06}.Release|Any CPU.Build.0 = Release|Any CPU
		{CAF7E4E4-525C-4861-A45C-75D9F2CFCF06}.Release|Mixed Platforms.ActiveCfg = Release|Any CPU
		{CAF7E4E4-525C-4861-A45C-75D9F2CFCF06}.Release|Mixed Platforms.Build.0 = Release|Any CPU
		{CAF7E4E4-525C-4861-A45C-75D9F2CFCF06}.Release|x64.ActiveCfg = Release|Any CPU
		{3B8F2616-E398-46EC-B92A-A3A6DBAB64AB}.Debug|Any CPU.ActiveCfg = Debug|Any CPU
		{3B8F2616-E398-46EC-B92A-A3A6DBAB64AB}.Debug|Any CPU.Build.0 = Debug|Any CPU
		{3B8F2616-E398-46EC-B92A-A3A6DBAB64AB}.Debug|Mixed Platforms.ActiveCfg = Debug|Any CPU
		{3B8F2616-E398-46EC-B92A-A3A6DBAB64AB}.Debug|Mixed Platforms.Build.0 = Debug|Any CPU
		{3B8F2616-E398-46EC-B92A-A3A6DBAB64AB}.Debug|x64.ActiveCfg = Debug|Any CPU
		{3B8F2616-E398-46EC-B92A-A3A6DBAB64AB}.Release|Any CPU.ActiveCfg = Release|Any CPU
		{3B8F2616-E398-46EC-B92A-A3A6DBAB64AB}.Release|Any CPU.Build.0 = Release|Any CPU
		{3B8F2616-E398-46EC-B92A-A3A6DBAB64AB}.Release|Mixed Platforms.ActiveCfg = Release|Any CPU
		{3B8F2616-E398-46EC-B92A-A3A6DBAB64AB}.Release|Mixed Platforms.Build.0 = Release|Any CPU
		{3B8F2616-E398-46EC-B92A-A3A6DBAB64AB}.Release|x64.ActiveCfg = Release|Any CPU
		{48EF105E-E688-4604-B97D-0E654DD7A7BA}.Debug|Any CPU.ActiveCfg = Debug|Any CPU
		{48EF105E-E688-4604-B97D-0E654DD7A7BA}.Debug|Any CPU.Build.0 = Debug|Any CPU
		{48EF105E-E688-4604-B97D-0E654DD7A7BA}.Debug|Mixed Platforms.ActiveCfg = Debug|Any CPU
		{48EF105E-E688-4604-B97D-0E654DD7A7BA}.Debug|Mixed Platforms.Build.0 = Debug|Any CPU
		{48EF105E-E688-4604-B97D-0E654DD7A7BA}.Debug|x64.ActiveCfg = Debug|Any CPU
		{48EF105E-E688-4604-B97D-0E654DD7A7BA}.Release|Any CPU.ActiveCfg = Release|Any CPU
		{48EF105E-E688-4604-B97D-0E654DD7A7BA}.Release|Any CPU.Build.0 = Release|Any CPU
		{48EF105E-E688-4604-B97D-0E654DD7A7BA}.Release|Mixed Platforms.ActiveCfg = Release|Any CPU
		{48EF105E-E688-4604-B97D-0E654DD7A7BA}.Release|Mixed Platforms.Build.0 = Release|Any CPU
		{48EF105E-E688-4604-B97D-0E654DD7A7BA}.Release|x64.ActiveCfg = Release|Any CPU
		{A0B39164-F92C-4889-AE41-7C656EACCAD2}.Debug|Any CPU.ActiveCfg = Debug|Any CPU
		{A0B39164-F92C-4889-AE41-7C656EACCAD2}.Debug|Any CPU.Build.0 = Debug|Any CPU
		{A0B39164-F92C-4889-AE41-7C656EACCAD2}.Debug|Mixed Platforms.ActiveCfg = Debug|Any CPU
		{A0B39164-F92C-4889-AE41-7C656EACCAD2}.Debug|Mixed Platforms.Build.0 = Debug|Any CPU
		{A0B39164-F92C-4889-AE41-7C656EACCAD2}.Debug|x64.ActiveCfg = Debug|Any CPU
		{A0B39164-F92C-4889-AE41-7C656EACCAD2}.Release|Any CPU.ActiveCfg = Release|Any CPU
		{A0B39164-F92C-4889-AE41-7C656EACCAD2}.Release|Any CPU.Build.0 = Release|Any CPU
		{A0B39164-F92C-4889-AE41-7C656EACCAD2}.Release|Mixed Platforms.ActiveCfg = Release|Any CPU
		{A0B39164-F92C-4889-AE41-7C656EACCAD2}.Release|Mixed Platforms.Build.0 = Release|Any CPU
		{A0B39164-F92C-4889-AE41-7C656EACCAD2}.Release|x64.ActiveCfg = Release|Any CPU
		{FDE45BA5-871E-45EB-9FDB-DC04869276D7}.Debug|Any CPU.ActiveCfg = Debug|Any CPU
		{FDE45BA5-871E-45EB-9FDB-DC04869276D7}.Debug|Any CPU.Build.0 = Debug|Any CPU
		{FDE45BA5-871E-45EB-9FDB-DC04869276D7}.Debug|Mixed Platforms.ActiveCfg = Debug|Any CPU
		{FDE45BA5-871E-45EB-9FDB-DC04869276D7}.Debug|Mixed Platforms.Build.0 = Debug|Any CPU
		{FDE45BA5-871E-45EB-9FDB-DC04869276D7}.Debug|x64.ActiveCfg = Debug|Any CPU
		{FDE45BA5-871E-45EB-9FDB-DC04869276D7}.Release|Any CPU.ActiveCfg = Release|Any CPU
		{FDE45BA5-871E-45EB-9FDB-DC04869276D7}.Release|Any CPU.Build.0 = Release|Any CPU
		{FDE45BA5-871E-45EB-9FDB-DC04869276D7}.Release|Mixed Platforms.ActiveCfg = Release|Any CPU
		{FDE45BA5-871E-45EB-9FDB-DC04869276D7}.Release|Mixed Platforms.Build.0 = Release|Any CPU
		{FDE45BA5-871E-45EB-9FDB-DC04869276D7}.Release|x64.ActiveCfg = Release|Any CPU
		{15CD3226-758F-4C27-829A-9D6E76965252}.Debug|Any CPU.ActiveCfg = Debug|Any CPU
		{15CD3226-758F-4C27-829A-9D6E76965252}.Debug|Any CPU.Build.0 = Debug|Any CPU
		{15CD3226-758F-4C27-829A-9D6E76965252}.Debug|Mixed Platforms.ActiveCfg = Debug|Any CPU
		{15CD3226-758F-4C27-829A-9D6E76965252}.Debug|Mixed Platforms.Build.0 = Debug|Any CPU
		{15CD3226-758F-4C27-829A-9D6E76965252}.Debug|x64.ActiveCfg = Debug|Any CPU
		{15CD3226-758F-4C27-829A-9D6E76965252}.Release|Any CPU.ActiveCfg = Release|Any CPU
		{15CD3226-758F-4C27-829A-9D6E76965252}.Release|Any CPU.Build.0 = Release|Any CPU
		{15CD3226-758F-4C27-829A-9D6E76965252}.Release|Mixed Platforms.ActiveCfg = Release|Any CPU
		{15CD3226-758F-4C27-829A-9D6E76965252}.Release|Mixed Platforms.Build.0 = Release|Any CPU
		{15CD3226-758F-4C27-829A-9D6E76965252}.Release|x64.ActiveCfg = Release|Any CPU
		{A1A8735C-5225-48B9-90E2-B8EF9C7C4A86}.Debug|Any CPU.ActiveCfg = Debug|Any CPU
		{A1A8735C-5225-48B9-90E2-B8EF9C7C4A86}.Debug|Any CPU.Build.0 = Debug|Any CPU
		{A1A8735C-5225-48B9-90E2-B8EF9C7C4A86}.Debug|Mixed Platforms.ActiveCfg = Debug|Any CPU
		{A1A8735C-5225-48B9-90E2-B8EF9C7C4A86}.Debug|Mixed Platforms.Build.0 = Debug|Any CPU
		{A1A8735C-5225-48B9-90E2-B8EF9C7C4A86}.Debug|x64.ActiveCfg = Debug|Any CPU
		{A1A8735C-5225-48B9-90E2-B8EF9C7C4A86}.Release|Any CPU.ActiveCfg = Release|Any CPU
		{A1A8735C-5225-48B9-90E2-B8EF9C7C4A86}.Release|Any CPU.Build.0 = Release|Any CPU
		{A1A8735C-5225-48B9-90E2-B8EF9C7C4A86}.Release|Mixed Platforms.ActiveCfg = Release|Any CPU
		{A1A8735C-5225-48B9-90E2-B8EF9C7C4A86}.Release|Mixed Platforms.Build.0 = Release|Any CPU
		{A1A8735C-5225-48B9-90E2-B8EF9C7C4A86}.Release|x64.ActiveCfg = Release|Any CPU
		{5787054E-B955-4C5F-B072-E86170FEB8BE}.Debug|Any CPU.ActiveCfg = Debug|Any CPU
		{5787054E-B955-4C5F-B072-E86170FEB8BE}.Debug|Any CPU.Build.0 = Debug|Any CPU
		{5787054E-B955-4C5F-B072-E86170FEB8BE}.Debug|Mixed Platforms.ActiveCfg = Debug|Any CPU
		{5787054E-B955-4C5F-B072-E86170FEB8BE}.Debug|Mixed Platforms.Build.0 = Debug|Any CPU
		{5787054E-B955-4C5F-B072-E86170FEB8BE}.Debug|x64.ActiveCfg = Debug|Any CPU
		{5787054E-B955-4C5F-B072-E86170FEB8BE}.Release|Any CPU.ActiveCfg = Release|Any CPU
		{5787054E-B955-4C5F-B072-E86170FEB8BE}.Release|Any CPU.Build.0 = Release|Any CPU
		{5787054E-B955-4C5F-B072-E86170FEB8BE}.Release|Mixed Platforms.ActiveCfg = Release|Any CPU
		{5787054E-B955-4C5F-B072-E86170FEB8BE}.Release|Mixed Platforms.Build.0 = Release|Any CPU
		{5787054E-B955-4C5F-B072-E86170FEB8BE}.Release|x64.ActiveCfg = Release|Any CPU
		{48B0BCF0-1F68-426B-B175-597B37863B84}.Debug|Any CPU.ActiveCfg = Debug|Any CPU
		{48B0BCF0-1F68-426B-B175-597B37863B84}.Debug|Any CPU.Build.0 = Debug|Any CPU
		{48B0BCF0-1F68-426B-B175-597B37863B84}.Debug|Mixed Platforms.ActiveCfg = Debug|Any CPU
		{48B0BCF0-1F68-426B-B175-597B37863B84}.Debug|Mixed Platforms.Build.0 = Debug|Any CPU
		{48B0BCF0-1F68-426B-B175-597B37863B84}.Debug|x64.ActiveCfg = Debug|Any CPU
		{48B0BCF0-1F68-426B-B175-597B37863B84}.Release|Any CPU.ActiveCfg = Release|Any CPU
		{48B0BCF0-1F68-426B-B175-597B37863B84}.Release|Any CPU.Build.0 = Release|Any CPU
		{48B0BCF0-1F68-426B-B175-597B37863B84}.Release|Mixed Platforms.ActiveCfg = Release|Any CPU
		{48B0BCF0-1F68-426B-B175-597B37863B84}.Release|Mixed Platforms.Build.0 = Release|Any CPU
		{48B0BCF0-1F68-426B-B175-597B37863B84}.Release|x64.ActiveCfg = Release|Any CPU
	EndGlobalSection
	GlobalSection(SolutionProperties) = preSolution
		HideSolutionNode = FALSE
	EndGlobalSection
	GlobalSection(NestedProjects) = preSolution
		{761F904B-3154-42ED-B371-BC3D5C4A9A09} = {629A0383-1996-4223-90E1-D44269DA4224}
		{F55FBC16-1DA5-4059-81DA-94A5EBCD0A14} = {5760D798-A26D-40DB-B073-A9886DD87EC9}
		{606D3A9C-A32B-49C6-94F8-10670906483E} = {5760D798-A26D-40DB-B073-A9886DD87EC9}
		{C780F7B7-657C-4B61-BE51-71E5958A9BC4} = {5760D798-A26D-40DB-B073-A9886DD87EC9}
		{ABF3616A-107C-4215-8BAC-B5EDD0544B8C} = {629A0383-1996-4223-90E1-D44269DA4224}
		{4867B295-6874-47B6-A221-FF18567B474A} = {5760D798-A26D-40DB-B073-A9886DD87EC9}
		{3B8F2616-E398-46EC-B92A-A3A6DBAB64AB} = {5760D798-A26D-40DB-B073-A9886DD87EC9}
		{48EF105E-E688-4604-B97D-0E654DD7A7BA} = {5760D798-A26D-40DB-B073-A9886DD87EC9}
		{FDE45BA5-871E-45EB-9FDB-DC04869276D7} = {5760D798-A26D-40DB-B073-A9886DD87EC9}
		{15CD3226-758F-4C27-829A-9D6E76965252} = {5760D798-A26D-40DB-B073-A9886DD87EC9}
		{5787054E-B955-4C5F-B072-E86170FEB8BE} = {5760D798-A26D-40DB-B073-A9886DD87EC9}
		{48B0BCF0-1F68-426B-B175-597B37863B84} = {5760D798-A26D-40DB-B073-A9886DD87EC9}
	EndGlobalSection
	GlobalSection(TeamFoundationVersionControl) = preSolution
		SccNumberOfProjects = 22
		SccEnterpriseProvider = {4CA58AB2-18FA-4F8D-95D4-32DDF27D184C}
		SccTeamFoundationServer = https://vietnamproteam.visualstudio.com/defaultcollection
		SccLocalPath0 = .
		SccProjectUniqueName1 = BcWin.Common\\BcWin.Common.csproj
		SccProjectTopLevelParentUniqueName1 = BCC.sln
		SccProjectName1 = BcWin.Common
		SccLocalPath1 = BcWin.Common
		SccProjectUniqueName2 = BcWin.Processor\\BcWin.Processor.csproj
		SccProjectTopLevelParentUniqueName2 = BCC.sln
		SccProjectName2 = BcWin.Processor
		SccLocalPath2 = BcWin.Processor
		SccProjectUniqueName3 = BCWin.Metadata\\BCWin.Metadata.csproj
		SccProjectTopLevelParentUniqueName3 = BCC.sln
		SccProjectName3 = BCWin.Metadata
		SccLocalPath3 = BCWin.Metadata
		SccProjectUniqueName4 = BcWin.Core\\BcWin.Core.csproj
		SccProjectTopLevelParentUniqueName4 = BCC.sln
		SccProjectName4 = BcWin.Core
		SccLocalPath4 = BcWin.Core
		SccProjectUniqueName5 = BcWin\\BcWin.csproj
		SccProjectName5 = BcWin
		SccLocalPath5 = BcWin
		SccProjectUniqueName6 = BcWinScan\\BcWinScan.csproj
		SccProjectName6 = BcWinScan
		SccLocalPath6 = BcWinScan
		SccProjectUniqueName7 = BcWin.Contract\\BcWin.Contract.csproj
		SccProjectTopLevelParentUniqueName7 = BCC.sln
		SccProjectName7 = BcWin.Contract
		SccLocalPath7 = BcWin.Contract
		SccProjectUniqueName8 = SupportTool\\SupportTool.csproj
		SccProjectName8 = SupportTool
		SccLocalPath8 = SupportTool
		SccProjectUniqueName9 = SupTool\\SupTool.csproj
		SccProjectName9 = SupTool
		SccLocalPath9 = SupTool
		SccProjectUniqueName10 = ScanRouter\\ScanRouter.csproj
		SccProjectName10 = ScanRouter
		SccLocalPath10 = ScanRouter
		SccProjectUniqueName11 = BcManagement\\BcManagement.csproj
		SccProjectName11 = BcManagement
		SccLocalPath11 = BcManagement
		SccProjectUniqueName12 = BCWin.Engine.PinnacleSports\\BCWin.Engine.PinnacleSports.csproj
		SccProjectTopLevelParentUniqueName12 = BCC.sln
		SccProjectName12 = BCWin.Engine.PinnacleSports
		SccLocalPath12 = BCWin.Engine.PinnacleSports
		SccProjectUniqueName13 = BcBetRun\\BcBetRun.csproj
		SccProjectName13 = BcBetRun
		SccLocalPath13 = BcBetRun
		SccProjectUniqueName14 = BCWin.Engine.Sbo\\BCWin.Engine.Sbo.csproj
		SccProjectTopLevelParentUniqueName14 = BCC.sln
		SccProjectName14 = BCWin.Engine.Sbo
		SccLocalPath14 = BCWin.Engine.Sbo
		SccProjectUniqueName15 = BCWin.Engine.Ibet\\BCWin.Engine.Ibet.csproj
		SccProjectTopLevelParentUniqueName15 = BCC.sln
		SccProjectName15 = BCWin.Engine.Ibet
		SccLocalPath15 = BCWin.Engine.Ibet
		SccProjectUniqueName16 = TestBc\\TestBc.csproj
		SccProjectName16 = TestBc
		SccLocalPath16 = TestBc
		SccProjectUniqueName17 = BCWin.Engine.Isn\\BCWin.Engine.Isn.csproj
		SccProjectTopLevelParentUniqueName17 = BCC.sln
		SccProjectName17 = BCWin.Engine.Isn
		SccLocalPath17 = BCWin.Engine.Isn
		SccProjectUniqueName18 = BCWin.Broker\\BCWin.Broker.csproj
		SccProjectTopLevelParentUniqueName18 = BCC.sln
		SccProjectName18 = BCWin.Broker
		SccLocalPath18 = BCWin.Broker
		SccProjectUniqueName19 = BcBroker\\BcBroker.csproj
		SccProjectName19 = BcBroker
		SccLocalPath19 = BcBroker
		SccProjectUniqueName20 = BcWin.Captcha\\BcWin.Captcha.csproj
		SccProjectTopLevelParentUniqueName20 = BCC.sln
		SccProjectName20 = BcWin.Captcha
		SccLocalPath20 = BcWin.Captcha
		SccProjectUniqueName21 = BCWin.Engine.PinnacleSports2\\BCWin.Engine.PinnacleSports2.csproj
		SccProjectTopLevelParentUniqueName21 = BCC.sln
		SccProjectName21 = BCWin.Engine.PinnacleSports2
		SccLocalPath21 = BCWin.Engine.PinnacleSports2
	EndGlobalSection
EndGlobal
